
Microsoft Visual Studio Solution File, Format Version 12.00
# Visual Studio 15
VisualStudioVersion = 15.0.28010.2016
MinimumVisualStudioVersion = 10.0.40219.1
Project("{8BC9CEB8-8B4A-11D0-8D11-00A0C91BC942}") = "List", "List\List.vcxproj", "{F208C3C5-FB90-45CA-B900-844E962D2BF5}"
EndProject
Project("{8BC9CEB8-8B4A-11D0-8D11-00A0C91BC942}") = "Stack", "Stack\Stack.vcxproj", "{C76A1325-BC9A-48F9-919C-845DCE636303}"
EndProject
Project("{8BC9CEB8-8B4A-11D0-8D11-00A0C91BC942}") = "Queue", "Queue\Queue.vcxproj", "{89354292-8569-49CF-AE0B-4F6C88D1EA53}"
EndProject
Project("{8BC9CEB8-8B4A-11D0-8D11-00A0C91BC942}") = "第四章作业", "第四章作业\第四章作业.vcxproj", "{D1CA99F0-540E-40AC-8E7A-4D84B6E3C4EC}"
EndProject
Project("{8BC9CEB8-8B4A-11D0-8D11-00A0C91BC942}") = "BinaryTree", "BinaryTree\BinaryTree.vcxproj", "{E728EA70-DB1B-4CE2-9D36-DCE02F056D6E}"
EndProject
Project("{8BC9CEB8-8B4A-11D0-8D11-00A0C91BC942}") = "杂项", "杂项\杂项.vcxproj", "{E36F32CA-C6D0-4636-8CCA-F35974A9791D}"
EndProject
Project("{8BC9CEB8-8B4A-11D0-8D11-00A0C91BC942}") = "Dictionary", "Dictionary\Dictionary.vcxproj", "{360795C9-577A-4317-9479-2960C28B13A6}"
EndProject
Project("{8BC9CEB8-8B4A-11D0-8D11-00A0C91BC942}") = "First experiment", "First experiment\First experiment.vcxproj", "{629BFEC1-6830-4201-89E3-AFCF24C7AC62}"
EndProject
Global
	GlobalSection(SolutionConfigurationPlatforms) = preSolution
		Debug|x64 = Debug|x64
		Debug|x86 = Debug|x86
		Release|x64 = Release|x64
		Release|x86 = Release|x86
	EndGlobalSection
	GlobalSection(ProjectConfigurationPlatforms) = postSolution
		{F208C3C5-FB90-45CA-B900-844E962D2BF5}.Debug|x64.ActiveCfg = Debug|x64
		{F208C3C5-FB90-45CA-B900-844E962D2BF5}.Debug|x64.Build.0 = Debug|x64
		{F208C3C5-FB90-45CA-B900-844E962D2BF5}.Debug|x86.ActiveCfg = Debug|Win32
		{F208C3C5-FB90-45CA-B900-844E962D2BF5}.Debug|x86.Build.0 = Debug|Win32
		{F208C3C5-FB90-45CA-B900-844E962D2BF5}.Release|x64.ActiveCfg = Release|x64
		{F208C3C5-FB90-45CA-B900-844E962D2BF5}.Release|x64.Build.0 = Release|x64
		{F208C3C5-FB90-45CA-B900-844E962D2BF5}.Release|x86.ActiveCfg = Release|Win32
		{F208C3C5-FB90-45CA-B900-844E962D2BF5}.Release|x86.Build.0 = Release|Win32
		{C76A1325-BC9A-48F9-919C-845DCE636303}.Debug|x64.ActiveCfg = Debug|x64
		{C76A1325-BC9A-48F9-919C-845DCE636303}.Debug|x64.Build.0 = Debug|x64
		{C76A1325-BC9A-48F9-919C-845DCE636303}.Debug|x86.ActiveCfg = Debug|Win32
		{C76A1325-BC9A-48F9-919C-845DCE636303}.Debug|x86.Build.0 = Debug|Win32
		{C76A1325-BC9A-48F9-919C-845DCE636303}.Release|x64.ActiveCfg = Release|x64
		{C76A1325-BC9A-48F9-919C-845DCE636303}.Release|x64.Build.0 = Release|x64
		{C76A1325-BC9A-48F9-919C-845DCE636303}.Release|x86.ActiveCfg = Release|Win32
		{C76A1325-BC9A-48F9-919C-845DCE636303}.Release|x86.Build.0 = Release|Win32
		{89354292-8569-49CF-AE0B-4F6C88D1EA53}.Debug|x64.ActiveCfg = Debug|x64
		{89354292-8569-49CF-AE0B-4F6C88D1EA53}.Debug|x64.Build.0 = Debug|x64
		{89354292-8569-49CF-AE0B-4F6C88D1EA53}.Debug|x86.ActiveCfg = Debug|Win32
		{89354292-8569-49CF-AE0B-4F6C88D1EA53}.Debug|x86.Build.0 = Debug|Win32
		{89354292-8569-49CF-AE0B-4F6C88D1EA53}.Release|x64.ActiveCfg = Release|x64
		{89354292-8569-49CF-AE0B-4F6C88D1EA53}.Release|x64.Build.0 = Release|x64
		{89354292-8569-49CF-AE0B-4F6C88D1EA53}.Release|x86.ActiveCfg = Release|Win32
		{89354292-8569-49CF-AE0B-4F6C88D1EA53}.Release|x86.Build.0 = Release|Win32
		{D1CA99F0-540E-40AC-8E7A-4D84B6E3C4EC}.Debug|x64.ActiveCfg = Debug|x64
		{D1CA99F0-540E-40AC-8E7A-4D84B6E3C4EC}.Debug|x64.Build.0 = Debug|x64
		{D1CA99F0-540E-40AC-8E7A-4D84B6E3C4EC}.Debug|x86.ActiveCfg = Debug|Win32
		{D1CA99F0-540E-40AC-8E7A-4D84B6E3C4EC}.Debug|x86.Build.0 = Debug|Win32
		{D1CA99F0-540E-40AC-8E7A-4D84B6E3C4EC}.Release|x64.ActiveCfg = Release|x64
		{D1CA99F0-540E-40AC-8E7A-4D84B6E3C4EC}.Release|x64.Build.0 = Release|x64
		{D1CA99F0-540E-40AC-8E7A-4D84B6E3C4EC}.Release|x86.ActiveCfg = Release|Win32
		{D1CA99F0-540E-40AC-8E7A-4D84B6E3C4EC}.Release|x86.Build.0 = Release|Win32
		{E728EA70-DB1B-4CE2-9D36-DCE02F056D6E}.Debug|x64.ActiveCfg = Debug|x64
		{E728EA70-DB1B-4CE2-9D36-DCE02F056D6E}.Debug|x64.Build.0 = Debug|x64
		{E728EA70-DB1B-4CE2-9D36-DCE02F056D6E}.Debug|x86.ActiveCfg = Debug|Win32
		{E728EA70-DB1B-4CE2-9D36-DCE02F056D6E}.Debug|x86.Build.0 = Debug|Win32
		{E728EA70-DB1B-4CE2-9D36-DCE02F056D6E}.Release|x64.ActiveCfg = Release|x64
		{E728EA70-DB1B-4CE2-9D36-DCE02F056D6E}.Release|x64.Build.0 = Release|x64
		{E728EA70-DB1B-4CE2-9D36-DCE02F056D6E}.Release|x86.ActiveCfg = Release|Win32
		{E728EA70-DB1B-4CE2-9D36-DCE02F056D6E}.Release|x86.Build.0 = Release|Win32
		{E36F32CA-C6D0-4636-8CCA-F35974A9791D}.Debug|x64.ActiveCfg = Debug|x64
		{E36F32CA-C6D0-4636-8CCA-F35974A9791D}.Debug|x64.Build.0 = Debug|x64
		{E36F32CA-C6D0-4636-8CCA-F35974A9791D}.Debug|x86.ActiveCfg = Debug|Win32
		{E36F32CA-C6D0-4636-8CCA-F35974A9791D}.Debug|x86.Build.0 = Debug|Win32
		{E36F32CA-C6D0-4636-8CCA-F35974A9791D}.Release|x64.ActiveCfg = Release|x64
		{E36F32CA-C6D0-4636-8CCA-F35974A9791D}.Release|x64.Build.0 = Release|x64
		{E36F32CA-C6D0-4636-8CCA-F35974A9791D}.Release|x86.ActiveCfg = Release|Win32
		{E36F32CA-C6D0-4636-8CCA-F35974A9791D}.Release|x86.Build.0 = Release|Win32
		{360795C9-577A-4317-9479-2960C28B13A6}.Debug|x64.ActiveCfg = Debug|x64
		{360795C9-577A-4317-9479-2960C28B13A6}.Debug|x64.Build.0 = Debug|x64
		{360795C9-577A-4317-9479-2960C28B13A6}.Debug|x86.ActiveCfg = Debug|Win32
		{360795C9-577A-4317-9479-2960C28B13A6}.Debug|x86.Build.0 = Debug|Win32
		{360795C9-577A-4317-9479-2960C28B13A6}.Release|x64.ActiveCfg = Release|x64
		{360795C9-577A-4317-9479-2960C28B13A6}.Release|x64.Build.0 = Release|x64
		{360795C9-577A-4317-9479-2960C28B13A6}.Release|x86.ActiveCfg = Release|Win32
		{360795C9-577A-4317-9479-2960C28B13A6}.Release|x86.Build.0 = Release|Win32
		{629BFEC1-6830-4201-89E3-AFCF24C7AC62}.Debug|x64.ActiveCfg = Debug|x64
		{629BFEC1-6830-4201-89E3-AFCF24C7AC62}.Debug|x64.Build.0 = Debug|x64
		{629BFEC1-6830-4201-89E3-AFCF24C7AC62}.Debug|x86.ActiveCfg = Debug|Win32
		{629BFEC1-6830-4201-89E3-AFCF24C7AC62}.Debug|x86.Build.0 = Debug|Win32
		{629BFEC1-6830-4201-89E3-AFCF24C7AC62}.Release|x64.ActiveCfg = Release|x64
		{629BFEC1-6830-4201-89E3-AFCF24C7AC62}.Release|x64.Build.0 = Release|x64
		{629BFEC1-6830-4201-89E3-AFCF24C7AC62}.Release|x86.ActiveCfg = Release|Win32
		{629BFEC1-6830-4201-89E3-AFCF24C7AC62}.Release|x86.Build.0 = Release|Win32
	EndGlobalSection
	GlobalSection(SolutionProperties) = preSolution
		HideSolutionNode = FALSE
	EndGlobalSection
	GlobalSection(ExtensibilityGlobals) = postSolution
		SolutionGuid = {BE0DCEB6-BD05-4631-9564-902B50877179}
	EndGlobalSection
EndGlobal
